
Microsoft Visual Studio Solution File, Format Version 12.00
# Visual Studio Version 16
VisualStudioVersion = 16.0.32901.82
MinimumVisualStudioVersion = 10.0.40219.1
Project("{FAE04EC0-301F-11D3-BF4B-00C04F79EFBC}") = "CC_WebApiCore", "CC_WebApiCore\CC_WebApiCore.csproj", "{F7025B48-2758-4D8B-A613-0ECBDF339C1B}"
EndProject
Global
	GlobalSection(SolutionConfigurationPlatforms) = preSolution
		Debug|Any CPU = Debug|Any CPU
		Release|Any CPU = Release|Any CPU
	EndGlobalSection
	GlobalSection(ProjectConfigurationPlatforms) = postSolution
		{F7025B48-2758-4D8B-A613-0ECBDF339C1B}.Debug|Any CPU.ActiveCfg = Debug|Any CPU
		{F7025B48-2758-4D8B-A613-0ECBDF339C1B}.Debug|Any CPU.Build.0 = Debug|Any CPU
		{F7025B48-2758-4D8B-A613-0ECBDF339C1B}.Release|Any CPU.ActiveCfg = Release|Any CPU
		{F7025B48-2758-4D8B-A613-0ECBDF339C1B}.Release|Any CPU.Build.0 = Release|Any CPU
	EndGlobalSection
	GlobalSection(SolutionProperties) = preSolution
		HideSolutionNode = FALSE
	EndGlobalSection
	GlobalSection(ExtensibilityGlobals) = postSolution
		SolutionGuid = {68996FD9-8E37-4230-9D96-2E8A88FBF1F0}
	EndGlobalSection
EndGlobal
